{
  "name": "iril.cz",
  "version": "1.0.0",
  "lockfileVersion": 1,
  "requires": true,
  "dependencies": {
    "bootstrap": {
      "version": "4.1.1",
      "resolved": "https://registry.npmjs.org/bootstrap/-/bootstrap-4.1.1.tgz",
      "integrity": "sha512-SpiDSOcbg4J/PjVSt4ny5eY6j74VbVSjROY4Fb/WIUXBV9cnb5luyR4KnPvNoXuGnBK1T+nJIWqRsvU3yP8Mcg=="
    },
    "daemonite-material": {
      "version": "4.1.0",
      "resolved": "https://registry.npmjs.org/daemonite-material/-/daemonite-material-4.1.0.tgz",
      "integrity": "sha512-Q/3ILLTOqo6axXAQ+Ilvrj7s0bi5NcZmjw8Ps+HLB2orDxYqLyR7yTocdogDeRnIUhu+6g3h5REoCuEcfrJ5QA=="
    },
    "jquery": {
      "version": "3.2.1",
      "resolved": "https://registry.npmjs.org/jquery/-/jquery-3.2.1.tgz",
      "integrity": "sha1-XE2d5lKvbNCncBVKYxu6ErAVx4c="
    },
    "mdbootstrap": {
      "version": "4.5.1",
      "resolved": "https://registry.npmjs.org/mdbootstrap/-/mdbootstrap-4.5.1.tgz",
      "integrity": "sha512-mQzlyE+tWPm6bAIpIOVhcXA9M5PGXUk0rP3t6JoKTVzYDf3bAvJ12Kmx1FxwPs0GlZVl9nGEhXzCyoLqZExZIg=="
    },
    "popper.js": {
      "version": "1.14.3",
      "resolved": "https://registry.npmjs.org/popper.js/-/popper.js-1.14.3.tgz",
      "integrity": "sha1-FDj5jQRqz3tNeM1QK/QYrGTU8JU="
    },
    "tether": {
      "version": "1.4.0",
      "resolved": "https://registry.npmjs.org/tether/-/tether-1.4.0.tgz",
      "integrity": "sha1-D5+hcfdb9YSF2BSelHmdeudNHBo="
    }
  }
}
